
Microsoft Visual Studio Solution File, Format Version 12.00
# Visual Studio Version 16
VisualStudioVersion = 16.0.30309.148
MinimumVisualStudioVersion = 10.0.40219.1
Project("{9A19103F-16F7-4668-BE54-9A1E7A4F7556}") = "aseprite_sharp", "aseprite_sharp\aseprite_sharp.csproj", "{5A3A3C8B-7C06-474C-B009-115E6878CDC9}"
EndProject
Global
	GlobalSection(SolutionConfigurationPlatforms) = preSolution
		Debug|Any CPU = Debug|Any CPU
		Release|Any CPU = Release|Any CPU
	EndGlobalSection
	GlobalSection(ProjectConfigurationPlatforms) = postSolution
		{5A3A3C8B-7C06-474C-B009-115E6878CDC9}.Debug|Any CPU.ActiveCfg = Debug|Any CPU
		{5A3A3C8B-7C06-474C-B009-115E6878CDC9}.Debug|Any CPU.Build.0 = Debug|Any CPU
		{5A3A3C8B-7C06-474C-B009-115E6878CDC9}.Release|Any CPU.ActiveCfg = Release|Any CPU
		{5A3A3C8B-7C06-474C-B009-115E6878CDC9}.Release|Any CPU.Build.0 = Release|Any CPU
	EndGlobalSection
	GlobalSection(SolutionProperties) = preSolution
		HideSolutionNode = FALSE
	EndGlobalSection
	GlobalSection(ExtensibilityGlobals) = postSolution
		SolutionGuid = {ACB51CB1-17C2-46D7-B2DE-5F7E9C33F183}
	EndGlobalSection
EndGlobal
